{
  "nodes": {
    "nixpkgs": {
      "locked": {
        "lastModified": 1788405554,
        "narHash": "sha256-z3ACU3NTAstjK+JNjW0zmIH2Q0GYo2pgGfJddesv7Xo=",
        "rev": "a5cc6f2c37bf518436dc8d1c288ccd0c43c2f4c4",
        "type": "tarball",
        "url": "https://releases.nixos.org/nixos/26.05/nixos-26.05.8954.a5cc6f2c37bf/nixexprs.tar.xz"
      },
      "original": {
        "id": "nixpkgs",
        "ref": "nixos-26.05",
        "type": "indirect"
      }
    },
    "root": {
      "inputs": {
        "nixpkgs": "nixpkgs"
      }
    }
  },
  "root": "root",
  "version": 7
}
